// !$*UTF8*$!
{
	archiveVersion = 1;
	classes = {
	};
	objectVersion = 56;
	objects = {

/* Begin PBXBuildFile section */
		C6BF7ECC2A189F8400813B3E /* main.swift in Sources */ = {isa = PBXBuildFile; fileRef = C6BF7ECB2A189F8400813B3E /* main.swift */; };
		C6BF7ED32A19677800813B3E /* ConsoleIO.swift in Sources */ = {isa = PBXBuildFile; fileRef = C6BF7ED22A19677800813B3E /* ConsoleIO.swift */; };
		C6BF7ED52A19683900813B3E /* FractionOperations.swift in Sources */ = {isa = PBXBuildFile; fileRef = C6BF7ED42A19683900813B3E /* FractionOperations.swift */; };
		C6BF7ED92A1972CA00813B3E /* FractionCalculator.swift in Sources */ = {isa = PBXBuildFile; fileRef = C6BF7ED82A1972CA00813B3E /* FractionCalculator.swift */; };
		C6BF7EDB2A1AB6FF00813B3E /* Stack.swift in Sources */ = {isa = PBXBuildFile; fileRef = C6BF7EDA2A1AB6FF00813B3E /* Stack.swift */; };
		C6BF7EDD2A1C04F300813B3E /* FractionConverter.swift in Sources */ = {isa = PBXBuildFile; fileRef = C6BF7EDC2A1C04F300813B3E /* FractionConverter.swift */; };
/* End PBXBuildFile section */

/* Begin PBXCopyFilesBuildPhase section */
		C6BF7EC62A189F8400813B3E /* CopyFiles */ = {
			isa = PBXCopyFilesBuildPhase;
			buildActionMask = 2147483647;
			dstPath = /usr/share/man/man1/;
			dstSubfolderSpec = 0;
			files = (
			);
			runOnlyForDeploymentPostprocessing = 1;
		};
/* End PBXCopyFilesBuildPhase section */

/* Begin PBXFileReference section */
		C6BF7EC82A189F8400813B3E /* FractionOperations */ = {isa = PBXFileReference; explicitFileType = "compiled.mach-o.executable"; includeInIndex = 0; path = FractionOperations; sourceTree = BUILT_PRODUCTS_DIR; };
		C6BF7ECB2A189F8400813B3E /* main.swift */ = {isa = PBXFileReference; lastKnownFileType = sourcecode.swift; path = main.swift; sourceTree = "<group>"; };
		C6BF7ED22A19677800813B3E /* ConsoleIO.swift */ = {isa = PBXFileReference; lastKnownFileType = sourcecode.swift; path = ConsoleIO.swift; sourceTree = "<group>"; };
		C6BF7ED42A19683900813B3E /* FractionOperations.swift */ = {isa = PBXFileReference; lastKnownFileType = sourcecode.swift; path = FractionOperations.swift; sourceTree = "<group>"; };
		C6BF7ED82A1972CA00813B3E /* FractionCalculator.swift */ = {isa = PBXFileReference; lastKnownFileType = sourcecode.swift; path = FractionCalculator.swift; sourceTree = "<group>"; };
		C6BF7EDA2A1AB6FF00813B3E /* Stack.swift */ = {isa = PBXFileReference; lastKnownFileType = sourcecode.swift; path = Stack.swift; sourceTree = "<group>"; };
		C6BF7EDC2A1C04F300813B3E /* FractionConverter.swift */ = {isa = PBXFileReference; lastKnownFileType = sourcecode.swift; path = FractionConverter.swift; sourceTree = "<group>"; };
/* End PBXFileReference section */

/* Begin PBXFrameworksBuildPhase section */
		C6BF7EC52A189F8400813B3E /* Frameworks */ = {
			isa = PBXFrameworksBuildPhase;
			buildActionMask = 2147483647;
			files = (
			);
			runOnlyForDeploymentPostprocessing = 0;
		};
/* End PBXFrameworksBuildPhase section */

/* Begin PBXGroup section */
		C6BF7EBF2A189F8400813B3E = {
			isa = PBXGroup;
			children = (
				C6BF7ECA2A189F8400813B3E /* FractionOperations */,
				C6BF7EC92A189F8400813B3E /* Products */,
			);
			sourceTree = "<group>";
		};
		C6BF7EC92A189F8400813B3E /* Products */ = {
			isa = PBXGroup;
			children = (
				C6BF7EC82A189F8400813B3E /* FractionOperations */,
			);
			name = Products;
			sourceTree = "<group>";
		};
		C6BF7ECA2A189F8400813B3E /* FractionOperations */ = {
			isa = PBXGroup;
			children = (
				C6BF7ECB2A189F8400813B3E /* main.swift */,
				C6BF7ED22A19677800813B3E /* ConsoleIO.swift */,
				C6BF7ED42A19683900813B3E /* FractionOperations.swift */,
				C6BF7ED82A1972CA00813B3E /* FractionCalculator.swift */,
				C6BF7EDA2A1AB6FF00813B3E /* Stack.swift */,
				C6BF7EDC2A1C04F300813B3E /* FractionConverter.swift */,
			);
			path = FractionOperations;
			sourceTree = "<group>";
		};
/* End PBXGroup section */

/* Begin PBXNativeTarget section */
		C6BF7EC72A189F8400813B3E /* FractionOperations */ = {
			isa = PBXNativeTarget;
			buildConfigurationList = C6BF7ECF2A189F8400813B3E /* Build configuration list for PBXNativeTarget "FractionOperations" */;
			buildPhases = (
				C6BF7EC42A189F8400813B3E /* Sources */,
				C6BF7EC52A189F8400813B3E /* Frameworks */,
				C6BF7EC62A189F8400813B3E /* CopyFiles */,
			);
			buildRules = (
			);
			dependencies = (
			);
			name = FractionOperations;
			productName = FractionOperations;
			productReference = C6BF7EC82A189F8400813B3E /* FractionOperations */;
			productType = "com.apple.product-type.tool";
		};
/* End PBXNativeTarget section */

/* Begin PBXProject section */
		C6BF7EC02A189F8400813B3E /* Project object */ = {
			isa = PBXProject;
			attributes = {
				BuildIndependentTargetsInParallel = 1;
				LastSwiftUpdateCheck = 1420;
				LastUpgradeCheck = 1420;
				TargetAttributes = {
					C6BF7EC72A189F8400813B3E = {
						CreatedOnToolsVersion = 14.2;
					};
				};
			};
			buildConfigurationList = C6BF7EC32A189F8400813B3E /* Build configuration list for PBXProject "FractionOperations" */;
			compatibilityVersion = "Xcode 14.0";
			developmentRegion = en;
			hasScannedForEncodings = 0;
			knownRegions = (
				en,
				Base,
			);
			mainGroup = C6BF7EBF2A189F8400813B3E;
			productRefGroup = C6BF7EC92A189F8400813B3E /* Products */;
			projectDirPath = "";
			projectRoot = "";
			targets = (
				C6BF7EC72A189F8400813B3E /* FractionOperations */,
			);
		};
/* End PBXProject section */

/* Begin PBXSourcesBuildPhase section */
		C6BF7EC42A189F8400813B3E /* Sources */ = {
			isa = PBXSourcesBuildPhase;
			buildActionMask = 2147483647;
			files = (
				C6BF7ECC2A189F8400813B3E /* main.swift in Sources */,
				C6BF7ED52A19683900813B3E /* FractionOperations.swift in Sources */,
				C6BF7EDD2A1C04F300813B3E /* FractionConverter.swift in Sources */,
				C6BF7ED32A19677800813B3E /* ConsoleIO.swift in Sources */,
				C6BF7EDB2A1AB6FF00813B3E /* Stack.swift in Sources */,
				C6BF7ED92A1972CA00813B3E /* FractionCalculator.swift in Sources */,
			);
			runOnlyForDeploymentPostprocessing = 0;
		};
/* End PBXSourcesBuildPhase section */

/* Begin XCBuildConfiguration section */
		C6BF7ECD2A189F8400813B3E /* Debug */ = {
			isa = XCBuildConfiguration;
			buildSettings = {
				ALWAYS_SEARCH_USER_PATHS = NO;
				CLANG_ANALYZER_NONNULL = YES;
				CLANG_ANALYZER_NUMBER_OBJECT_CONVERSION = YES_AGGRESSIVE;
				CLANG_CXX_LANGUAGE_STANDARD = "gnu++20";
				CLANG_ENABLE_MODULES = YES;
				CLANG_ENABLE_OBJC_ARC = YES;
				CLANG_ENABLE_OBJC_WEAK = YES;
				CLANG_WARN_BLOCK_CAPTURE_AUTORELEASING = YES;
				CLANG_WARN_BOOL_CONVERSION = YES;
				CLANG_WARN_COMMA = YES;
				CLANG_WARN_CONSTANT_CONVERSION = YES;
				CLANG_WARN_DEPRECATED_OBJC_IMPLEMENTATIONS = YES;
				CLANG_WARN_DIRECT_OBJC_ISA_USAGE = YES_ERROR;
				CLANG_WARN_DOCUMENTATION_COMMENTS = YES;
				CLANG_WARN_EMPTY_BODY = YES;
				CLANG_WARN_ENUM_CONVERSION = YES;
				CLANG_WARN_INFINITE_RECURSION = YES;
				CLANG_WARN_INT_CONVERSION = YES;
				CLANG_WARN_NON_LITERAL_NULL_CONVERSION = YES;
				CLANG_WARN_OBJC_IMPLICIT_RETAIN_SELF = YES;
				CLANG_WARN_OBJC_LITERAL_CONVERSION = YES;
				CLANG_WARN_OBJC_ROOT_CLASS = YES_ERROR;
				CLANG_WARN_QUOTED_INCLUDE_IN_FRAMEWORK_HEADER = YES;
				CLANG_WARN_RANGE_LOOP_ANALYSIS = YES;
				CLANG_WARN_STRICT_PROTOTYPES = YES;
				CLANG_WARN_SUSPICIOUS_MOVE = YES;
				CLANG_WARN_UNGUARDED_AVAILABILITY = YES_AGGRESSIVE;
				CLANG_WARN_UNREACHABLE_CODE = YES;
				CLANG_WARN__DUPLICATE_METHOD_MATCH = YES;
				COPY_PHASE_STRIP = NO;
				DEBUG_INFORMATION_FORMAT = dwarf;
				ENABLE_STRICT_OBJC_MSGSEND = YES;
				ENABLE_TESTABILITY = YES;
				GCC_C_LANGUAGE_STANDARD = gnu11;
				GCC_DYNAMIC_NO_PIC = NO;
				GCC_NO_COMMON_BLOCKS = YES;
				GCC_OPTIMIZATION_LEVEL = 0;
				GCC_PREPROCESSOR_DEFINITIONS = (
					"DEBUG=1",
					"$(inherited)",
				);
				GCC_WARN_64_TO_32_BIT_CONVERSION = YES;
				GCC_WARN_ABOUT_RETURN_TYPE = YES_ERROR;
				GCC_WARN_UNDECLARED_SELECTOR = YES;
				GCC_WARN_UNINITIALIZED_AUTOS = YES_AGGRESSIVE;
				GCC_WARN_UNUSED_FUNCTION = YES;
				GCC_WARN_UNUSED_VARIABLE = YES;
				MACOSX_DEPLOYMENT_TARGET = 13.1;
				MTL_ENABLE_DEBUG_INFO = INCLUDE_SOURCE;
				MTL_FAST_MATH = YES;
				ONLY_ACTIVE_ARCH = YES;
				SDKROOT = macosx;
				SWIFT_ACTIVE_COMPILATION_CONDITIONS = DEBUG;
				SWIFT_OPTIMIZATION_LEVEL = "-Onone";
			};
			name = Debug;
		};
		C6BF7ECE2A189F8400813B3E /* Release */ = {
			isa = XCBuildConfiguration;
			buildSettings = {
				ALWAYS_SEARCH_USER_PATHS = NO;
				CLANG_ANALYZER_NONNULL = YES;
				CLANG_ANALYZER_NUMBER_OBJECT_CONVERSION = YES_AGGRESSIVE;
				CLANG_CXX_LANGUAGE_STANDARD = "gnu++20";
				CLANG_ENABLE_MODULES = YES;
				CLANG_ENABLE_OBJC_ARC = YES;
				CLANG_ENABLE_OBJC_WEAK = YES;
				CLANG_WARN_BLOCK_CAPTURE_AUTORELEASING = YES;
				CLANG_WARN_BOOL_CONVERSION = YES;
				CLANG_WARN_COMMA = YES;
				CLANG_WARN_CONSTANT_CONVERSION = YES;
				CLANG_WARN_DEPRECATED_OBJC_IMPLEMENTATIONS = YES;
				CLANG_WARN_DIRECT_OBJC_ISA_USAGE = YES_ERROR;
				CLANG_WARN_DOCUMENTATION_COMMENTS = YES;
				CLANG_WARN_EMPTY_BODY = YES;
				CLANG_WARN_ENUM_CONVERSION = YES;
				CLANG_WARN_INFINITE_RECURSION = YES;
				CLANG_WARN_INT_CONVERSION = YES;
				CLANG_WARN_NON_LITERAL_NULL_CONVERSION = YES;
				CLANG_WARN_OBJC_IMPLICIT_RETAIN_SELF = YES;
				CLANG_WARN_OBJC_LITERAL_CONVERSION = YES;
				CLANG_WARN_OBJC_ROOT_CLASS = YES_ERROR;
				CLANG_WARN_QUOTED_INCLUDE_IN_FRAMEWORK_HEADER = YES;
				CLANG_WARN_RANGE_LOOP_ANALYSIS = YES;
				CLANG_WARN_STRICT_PROTOTYPES = YES;
				CLANG_WARN_SUSPICIOUS_MOVE = YES;
				CLANG_WARN_UNGUARDED_AVAILABILITY = YES_AGGRESSIVE;
				CLANG_WARN_UNREACHABLE_CODE = YES;
				CLANG_WARN__DUPLICATE_METHOD_MATCH = YES;
				COPY_PHASE_STRIP = NO;
				DEBUG_INFORMATION_FORMAT = "dwarf-with-dsym";
				ENABLE_NS_ASSERTIONS = NO;
				ENABLE_STRICT_OBJC_MSGSEND = YES;
				GCC_C_LANGUAGE_STANDARD = gnu11;
				GCC_NO_COMMON_BLOCKS = YES;
				GCC_WARN_64_TO_32_BIT_CONVERSION = YES;
				GCC_WARN_ABOUT_RETURN_TYPE = YES_ERROR;
				GCC_WARN_UNDECLARED_SELECTOR = YES;
				GCC_WARN_UNINITIALIZED_AUTOS = YES_AGGRESSIVE;
				GCC_WARN_UNUSED_FUNCTION = YES;
				GCC_WARN_UNUSED_VARIABLE = YES;
				MACOSX_DEPLOYMENT_TARGET = 13.1;
				MTL_ENABLE_DEBUG_INFO = NO;
				MTL_FAST_MATH = YES;
				SDKROOT = macosx;
				SWIFT_COMPILATION_MODE = wholemodule;
				SWIFT_OPTIMIZATION_LEVEL = "-O";
			};
			name = Release;
		};
		C6BF7ED02A189F8400813B3E /* Debug */ = {
			isa = XCBuildConfiguration;
			buildSettings = {
				"CODE_SIGN_IDENTITY[sdk=macosx*]" = "-";
				CODE_SIGN_STYLE = Manual;
				DEVELOPMENT_TEAM = "";
				"DEVELOPMENT_TEAM[sdk=macosx*]" = "";
				ENABLE_HARDENED_RUNTIME = YES;
				PRODUCT_NAME = "$(TARGET_NAME)";
				PROVISIONING_PROFILE_SPECIFIER = "";
				SWIFT_VERSION = 5.0;
			};
			name = Debug;
		};
		C6BF7ED12A189F8400813B3E /* Release */ = {
			isa = XCBuildConfiguration;
			buildSettings = {
				"CODE_SIGN_IDENTITY[sdk=macosx*]" = "-";
				CODE_SIGN_STYLE = Manual;
				DEVELOPMENT_TEAM = "";
				"DEVELOPMENT_TEAM[sdk=macosx*]" = "";
				ENABLE_HARDENED_RUNTIME = YES;
				PRODUCT_NAME = "$(TARGET_NAME)";
				PROVISIONING_PROFILE_SPECIFIER = "";
				SWIFT_VERSION = 5.0;
			};
			name = Release;
		};
/* End XCBuildConfiguration section */

/* Begin XCConfigurationList section */
		C6BF7EC32A189F8400813B3E /* Build configuration list for PBXProject "FractionOperations" */ = {
			isa = XCConfigurationList;
			buildConfigurations = (
				C6BF7ECD2A189F8400813B3E /* Debug */,
				C6BF7ECE2A189F8400813B3E /* Release */,
			);
			defaultConfigurationIsVisible = 0;
			defaultConfigurationName = Release;
		};
		C6BF7ECF2A189F8400813B3E /* Build configuration list for PBXNativeTarget "FractionOperations" */ = {
			isa = XCConfigurationList;
			buildConfigurations = (
				C6BF7ED02A189F8400813B3E /* Debug */,
				C6BF7ED12A189F8400813B3E /* Release */,
			);
			defaultConfigurationIsVisible = 0;
			defaultConfigurationName = Release;
		};
/* End XCConfigurationList section */
	};
	rootObject = C6BF7EC02A189F8400813B3E /* Project object */;
}
